{
  "version": 4,
  "terraform_version": "1.7.4",
  "serial": 22,
  "lineage": "0f5cb642-90b5-b1d5-0242-beaeb70ec89c",
  "outputs": {},
  "resources": [
    {
      "mode": "managed",
      "type": "local_file",
      "name": "producto",
      "provider": "provider[\"registry.terraform.io/hashicorp/local\"]",
      "instances": [
        {
          "index_key": 0,
          "schema_version": 0,
          "attributes": {
            "content": "lista-productos baia baia",
            "content_base64": null,
            "content_base64sha256": "WXIP9w+/q//feFsT7CQF6Mzhghd5cbGvNOC0guB6L2I=",
            "content_base64sha512": "1YbDkEtS1KAxyLNOO8klaBDV9OokjjskdIeFijdVu5fNQNtP2GodBcwhMSA5rSwEPHwhv4+tTDhXqGtSqOzYhg==",
            "content_md5": "f6656daa3cfea8507e5b375af7d5a572",
            "content_sha1": "f04fcf33d0dfec2213ddb76ac8bc5f1bde5689d4",
            "content_sha256": "59720ff70fbfabffdf785b13ec2405e8cce182177971b1af34e0b482e07a2f62",
            "content_sha512": "d586c3904b52d4a031c8b34e3bc9256810d5f4ea248e3b247487858a3755bb97cd40db4fd86a1d05cc21312039ad2c043c7c21bf8fad4c3857a86b52a8ecd886",
            "directory_permission": "0777",
            "file_permission": "0777",
            "filename": "productos-YIZh.txt",
            "id": "f04fcf33d0dfec2213ddb76ac8bc5f1bde5689d4",
            "sensitive_content": null,
            "source": null
          },
          "sensitive_attributes": [],
          "dependencies": [
            "random_string.random"
          ]
        },
        {
          "index_key": 1,
          "schema_version": 0,
          "attributes": {
            "content": "lista-productos baia baia",
            "content_base64": null,
            "content_base64sha256": "WXIP9w+/q//feFsT7CQF6Mzhghd5cbGvNOC0guB6L2I=",
            "content_base64sha512": "1YbDkEtS1KAxyLNOO8klaBDV9OokjjskdIeFijdVu5fNQNtP2GodBcwhMSA5rSwEPHwhv4+tTDhXqGtSqOzYhg==",
            "content_md5": "f6656daa3cfea8507e5b375af7d5a572",
            "content_sha1": "f04fcf33d0dfec2213ddb76ac8bc5f1bde5689d4",
            "content_sha256": "59720ff70fbfabffdf785b13ec2405e8cce182177971b1af34e0b482e07a2f62",
            "content_sha512": "d586c3904b52d4a031c8b34e3bc9256810d5f4ea248e3b247487858a3755bb97cd40db4fd86a1d05cc21312039ad2c043c7c21bf8fad4c3857a86b52a8ecd886",
            "directory_permission": "0777",
            "file_permission": "0777",
            "filename": "productos-1BvY.txt",
            "id": "f04fcf33d0dfec2213ddb76ac8bc5f1bde5689d4",
            "sensitive_content": null,
            "source": null
          },
          "sensitive_attributes": [],
          "dependencies": [
            "random_string.random"
          ]
        },
        {
          "index_key": 2,
          "schema_version": 0,
          "attributes": {
            "content": "lista-productos baia baia",
            "content_base64": null,
            "content_base64sha256": "WXIP9w+/q//feFsT7CQF6Mzhghd5cbGvNOC0guB6L2I=",
            "content_base64sha512": "1YbDkEtS1KAxyLNOO8klaBDV9OokjjskdIeFijdVu5fNQNtP2GodBcwhMSA5rSwEPHwhv4+tTDhXqGtSqOzYhg==",
            "content_md5": "f6656daa3cfea8507e5b375af7d5a572",
            "content_sha1": "f04fcf33d0dfec2213ddb76ac8bc5f1bde5689d4",
            "content_sha256": "59720ff70fbfabffdf785b13ec2405e8cce182177971b1af34e0b482e07a2f62",
            "content_sha512": "d586c3904b52d4a031c8b34e3bc9256810d5f4ea248e3b247487858a3755bb97cd40db4fd86a1d05cc21312039ad2c043c7c21bf8fad4c3857a86b52a8ecd886",
            "directory_permission": "0777",
            "file_permission": "0777",
            "filename": "productos-qIMu.txt",
            "id": "f04fcf33d0dfec2213ddb76ac8bc5f1bde5689d4",
            "sensitive_content": null,
            "source": null
          },
          "sensitive_attributes": [],
          "dependencies": [
            "random_string.random"
          ]
        },
        {
          "index_key": 3,
          "schema_version": 0,
          "attributes": {
            "content": "lista-productos baia baia",
            "content_base64": null,
            "content_base64sha256": "WXIP9w+/q//feFsT7CQF6Mzhghd5cbGvNOC0guB6L2I=",
            "content_base64sha512": "1YbDkEtS1KAxyLNOO8klaBDV9OokjjskdIeFijdVu5fNQNtP2GodBcwhMSA5rSwEPHwhv4+tTDhXqGtSqOzYhg==",
            "content_md5": "f6656daa3cfea8507e5b375af7d5a572",
            "content_sha1": "f04fcf33d0dfec2213ddb76ac8bc5f1bde5689d4",
            "content_sha256": "59720ff70fbfabffdf785b13ec2405e8cce182177971b1af34e0b482e07a2f62",
            "content_sha512": "d586c3904b52d4a031c8b34e3bc9256810d5f4ea248e3b247487858a3755bb97cd40db4fd86a1d05cc21312039ad2c043c7c21bf8fad4c3857a86b52a8ecd886",
            "directory_permission": "0777",
            "file_permission": "0777",
            "filename": "productos-kdv7.txt",
            "id": "f04fcf33d0dfec2213ddb76ac8bc5f1bde5689d4",
            "sensitive_content": null,
            "source": null
          },
          "sensitive_attributes": [],
          "dependencies": [
            "random_string.random"
          ]
        },
        {
          "index_key": 4,
          "schema_version": 0,
          "attributes": {
            "content": "lista-productos baia baia",
            "content_base64": null,
            "content_base64sha256": "WXIP9w+/q//feFsT7CQF6Mzhghd5cbGvNOC0guB6L2I=",
            "content_base64sha512": "1YbDkEtS1KAxyLNOO8klaBDV9OokjjskdIeFijdVu5fNQNtP2GodBcwhMSA5rSwEPHwhv4+tTDhXqGtSqOzYhg==",
            "content_md5": "f6656daa3cfea8507e5b375af7d5a572",
            "content_sha1": "f04fcf33d0dfec2213ddb76ac8bc5f1bde5689d4",
            "content_sha256": "59720ff70fbfabffdf785b13ec2405e8cce182177971b1af34e0b482e07a2f62",
            "content_sha512": "d586c3904b52d4a031c8b34e3bc9256810d5f4ea248e3b247487858a3755bb97cd40db4fd86a1d05cc21312039ad2c043c7c21bf8fad4c3857a86b52a8ecd886",
            "directory_permission": "0777",
            "file_permission": "0777",
            "filename": "productos-bFdj.txt",
            "id": "f04fcf33d0dfec2213ddb76ac8bc5f1bde5689d4",
            "sensitive_content": null,
            "source": null
          },
          "sensitive_attributes": [],
          "dependencies": [
            "random_string.random"
          ]
        }
      ]
    },
    {
      "mode": "managed",
      "type": "random_string",
      "name": "random",
      "provider": "provider[\"registry.terraform.io/hashicorp/random\"]",
      "instances": [
        {
          "index_key": 0,
          "schema_version": 2,
          "attributes": {
            "id": "YIZh",
            "keepers": null,
            "length": 4,
            "lower": true,
            "min_lower": 0,
            "min_numeric": 0,
            "min_special": 0,
            "min_upper": 0,
            "number": true,
            "numeric": true,
            "override_special": null,
            "result": "YIZh",
            "special": false,
            "upper": true
          },
          "sensitive_attributes": []
        },
        {
          "index_key": 1,
          "schema_version": 2,
          "attributes": {
            "id": "1BvY",
            "keepers": null,
            "length": 4,
            "lower": true,
            "min_lower": 0,
            "min_numeric": 0,
            "min_special": 0,
            "min_upper": 0,
            "number": true,
            "numeric": true,
            "override_special": null,
            "result": "1BvY",
            "special": false,
            "upper": true
          },
          "sensitive_attributes": []
        },
        {
          "index_key": 2,
          "schema_version": 2,
          "attributes": {
            "id": "qIMu",
            "keepers": null,
            "length": 4,
            "lower": true,
            "min_lower": 0,
            "min_numeric": 0,
            "min_special": 0,
            "min_upper": 0,
            "number": true,
            "numeric": true,
            "override_special": null,
            "result": "qIMu",
            "special": false,
            "upper": true
          },
          "sensitive_attributes": []
        },
        {
          "index_key": 3,
          "schema_version": 2,
          "attributes": {
            "id": "kdv7",
            "keepers": null,
            "length": 4,
            "lower": true,
            "min_lower": 0,
            "min_numeric": 0,
            "min_special": 0,
            "min_upper": 0,
            "number": true,
            "numeric": true,
            "override_special": null,
            "result": "kdv7",
            "special": false,
            "upper": true
          },
          "sensitive_attributes": []
        },
        {
          "index_key": 4,
          "schema_version": 2,
          "attributes": {
            "id": "bFdj",
            "keepers": null,
            "length": 4,
            "lower": true,
            "min_lower": 0,
            "min_numeric": 0,
            "min_special": 0,
            "min_upper": 0,
            "number": true,
            "numeric": true,
            "override_special": null,
            "result": "bFdj",
            "special": false,
            "upper": true
          },
          "sensitive_attributes": []
        }
      ]
    }
  ],
  "check_results": null
}
